# This file is automatically @generated by Poetry 1.7.1 and should not be changed by hand.

[[package]]
name = "mcrcon"
version = "0.7.0"
description = "A client for handling Remote Commands (RCON) to a Minecraft server."
optional = false
python-versions = "*"
files = [
    {file = "mcrcon-0.7.0.tar.gz", hash = "sha256:c2f1caf2467e283e0ccd2436f1ce21f04242b03c5fafb3860e3924d764a910d4"},
]

[metadata]
lock-version = "2.0"
python-versions = "^3.10"
content-hash = "451ddd18e5543bac1931125b90c006257367a6355b019d6686de62f6371438cb"
